# This file is generated by running "yarn install" inside your project.
# Manual changes might be lost - proceed with caution!

__metadata:
  version: 8
  cacheKey: 10c0

"aho-corasick-automaton@npm:0.0.0":
  version: 0.0.0
  resolution: "aho-corasick-automaton@npm:0.0.0"
  dependencies:
    binary-search-bounds: "npm:~0.3.1"
  checksum: 10c0/0f4503a3bd67eb1dbcc42b26657737e2c467b59ed96d964b1846f8508d0588191efef1c0500896127ec20d5dc1a258f272b9dab5156a9431ce404229b0c3eb30
  languageName: node
  linkType: hard

"array-trie@npm:^1.0.0":
  version: 1.0.0
  resolution: "array-trie@npm:1.0.0"
  dependencies:
    binary-search-bounds: "npm:^1.0.0"
  checksum: 10c0/a2d977a3ce6bf3522e50920da1307dd3c2d4b0640dfdae41a1ca828d1f57d7b946b878e81e16d7273109b0e97b173aa16c5ce865e90b5039ce4acd148aab06bb
  languageName: node
  linkType: hard

"benchmark@workspace:.":
  version: 0.0.0-use.local
  resolution: "benchmark@workspace:."
  dependencies:
    fastscan: "npm:^1.0.6"
    node-aho-corasick: "npm:^0.0.2"
  languageName: unknown
  linkType: soft

"binary-search-bounds@npm:^1.0.0":
  version: 1.0.0
  resolution: "binary-search-bounds@npm:1.0.0"
  checksum: 10c0/32412eb9727b95ad636c312a5974f398d92bbdb058febc1e04b5a4f6f3594a5c0cbe8de307e294c1748764361cec1911959f440f31eaeb5ba33330fbf9958918
  languageName: node
  linkType: hard

"binary-search-bounds@npm:~0.3.1":
  version: 0.3.1
  resolution: "binary-search-bounds@npm:0.3.1"
  checksum: 10c0/4c21d8772004851f8166723b742d34cee7f2d0565b7179fc2ffa05618ab9e8c7d0a24ab2c9f39d75f25aac9c433ce8e44c3889937ed5256a6ceee8d049d04dc6
  languageName: node
  linkType: hard

"fastscan@npm:^1.0.6":
  version: 1.0.6
  resolution: "fastscan@npm:1.0.6"
  checksum: 10c0/8055a4e0caf80cfcf4a2b4ab5db280288970ea6435eab404772138ad5bdbc6f4f2ce28023f0f28584bba083525c806a91470f0dbaec06687870c36b7eeafb547
  languageName: node
  linkType: hard

"node-aho-corasick@npm:^0.0.2":
  version: 0.0.2
  resolution: "node-aho-corasick@npm:0.0.2"
  dependencies:
    aho-corasick-automaton: "npm:0.0.0"
    array-trie: "npm:^1.0.0"
  checksum: 10c0/d98b054e01e5c724dad3c1fa48ea039d5ff4e7d2d741d82d28f9fbb9fe0c40d0ea38f9a8382cfa26d3853929557172730dfd7c446f9a3175d91132ae84e12ae6
  languageName: node
  linkType: hard
